
Microsoft Visual Studio Solution File, Format Version 12.00
# Visual Studio Version 16
VisualStudioVersion = 16.0.29509.3
MinimumVisualStudioVersion = 10.0.40219.1
Project("{FAE04EC0-301F-11D3-BF4B-00C04F79EFBC}") = "BethanysPieShopMobile.UWP", "BethanysPieShopMobile\BethanysPieShopMobile.UWP\BethanysPieShopMobile.UWP.csproj", "{073762AD-697C-4BC0-890F-9C1FEE8325E9}"
EndProject
Project("{FAE04EC0-301F-11D3-BF4B-00C04F79EFBC}") = "BethanysPieShopMobile.Android", "BethanysPieShopMobile\BethanysPieShopMobile.Android\BethanysPieShopMobile.Android.csproj", "{11A2E43F-8C10-41A0-BC2C-33365302CB4D}"
EndProject
Project("{FAE04EC0-301F-11D3-BF4B-00C04F79EFBC}") = "BethanysPieShopMobile.iOS", "BethanysPieShopMobile\BethanysPieShopMobile.iOS\BethanysPieShopMobile.iOS.csproj", "{105F862D-DDB5-48C5-9D0F-9EA72B2E6774}"
EndProject
Project("{9A19103F-16F7-4668-BE54-9A1E7A4F7556}") = "BethanysPieShopMobile", "BethanysPieShopMobile\BethanysPieShopMobile\BethanysPieShopMobile.csproj", "{D79E3AF5-302C-4BEC-958D-70946980420F}"
EndProject
Project("{2150E333-8FDC-42A3-9474-1A3956D46DE8}") = "Solution Items", "Solution Items", "{E92275B0-E00B-46E7-BF80-6129A0C71B26}"
	ProjectSection(SolutionItems) = preProject
		README.md = README.md
		..\..\Databinding\BethanysPieShopStockApp\Styles.txt = ..\..\Databinding\BethanysPieShopStockApp\Styles.txt
	EndProjectSection
EndProject
Global
	GlobalSection(SolutionConfigurationPlatforms) = preSolution
		Debug|Any CPU = Debug|Any CPU
		Debug|ARM = Debug|ARM
		Debug|iPhone = Debug|iPhone
		Debug|iPhoneSimulator = Debug|iPhoneSimulator
		Debug|x64 = Debug|x64
		Debug|x86 = Debug|x86
		Release|Any CPU = Release|Any CPU
		Release|ARM = Release|ARM
		Release|iPhone = Release|iPhone
		Release|iPhoneSimulator = Release|iPhoneSimulator
		Release|x64 = Release|x64
		Release|x86 = Release|x86
	EndGlobalSection
	GlobalSection(ProjectConfigurationPlatforms) = postSolution
		{073762AD-697C-4BC0-890F-9C1FEE8325E9}.Debug|Any CPU.ActiveCfg = Debug|x86
		{073762AD-697C-4BC0-890F-9C1FEE8325E9}.Debug|Any CPU.Build.0 = Debug|x86
		{073762AD-697C-4BC0-890F-9C1FEE8325E9}.Debug|Any CPU.Deploy.0 = Debug|x86
		{073762AD-697C-4BC0-890F-9C1FEE8325E9}.Debug|ARM.ActiveCfg = Debug|ARM
		{073762AD-697C-4BC0-890F-9C1FEE8325E9}.Debug|ARM.Build.0 = Debug|ARM
		{073762AD-697C-4BC0-890F-9C1FEE8325E9}.Debug|ARM.Deploy.0 = Debug|ARM
		{073762AD-697C-4BC0-890F-9C1FEE8325E9}.Debug|iPhone.ActiveCfg = Debug|x86
		{073762AD-697C-4BC0-890F-9C1FEE8325E9}.Debug|iPhone.Build.0 = Debug|x86
		{073762AD-697C-4BC0-890F-9C1FEE8325E9}.Debug|iPhone.Deploy.0 = Debug|x86
		{073762AD-697C-4BC0-890F-9C1FEE8325E9}.Debug|iPhoneSimulator.ActiveCfg = Debug|x86
		{073762AD-697C-4BC0-890F-9C1FEE8325E9}.Debug|iPhoneSimulator.Build.0 = Debug|x86
		{073762AD-697C-4BC0-890F-9C1FEE8325E9}.Debug|iPhoneSimulator.Deploy.0 = Debug|x86
		{073762AD-697C-4BC0-890F-9C1FEE8325E9}.Debug|x64.ActiveCfg = Debug|x64
		{073762AD-697C-4BC0-890F-9C1FEE8325E9}.Debug|x64.Build.0 = Debug|x64
		{073762AD-697C-4BC0-890F-9C1FEE8325E9}.Debug|x64.Deploy.0 = Debug|x64
		{073762AD-697C-4BC0-890F-9C1FEE8325E9}.Debug|x86.ActiveCfg = Debug|x86
		{073762AD-697C-4BC0-890F-9C1FEE8325E9}.Debug|x86.Build.0 = Debug|x86
		{073762AD-697C-4BC0-890F-9C1FEE8325E9}.Debug|x86.Deploy.0 = Debug|x86
		{073762AD-697C-4BC0-890F-9C1FEE8325E9}.Release|Any CPU.ActiveCfg = Release|x86
		{073762AD-697C-4BC0-890F-9C1FEE8325E9}.Release|Any CPU.Build.0 = Release|x86
		{073762AD-697C-4BC0-890F-9C1FEE8325E9}.Release|Any CPU.Deploy.0 = Release|x86
		{073762AD-697C-4BC0-890F-9C1FEE8325E9}.Release|ARM.ActiveCfg = Release|ARM
		{073762AD-697C-4BC0-890F-9C1FEE8325E9}.Release|ARM.Build.0 = Release|ARM
		{073762AD-697C-4BC0-890F-9C1FEE8325E9}.Release|ARM.Deploy.0 = Release|ARM
		{073762AD-697C-4BC0-890F-9C1FEE8325E9}.Release|iPhone.ActiveCfg = Release|x86
		{073762AD-697C-4BC0-890F-9C1FEE8325E9}.Release|iPhone.Build.0 = Release|x86
		{073762AD-697C-4BC0-890F-9C1FEE8325E9}.Release|iPhone.Deploy.0 = Release|x86
		{073762AD-697C-4BC0-890F-9C1FEE8325E9}.Release|iPhoneSimulator.ActiveCfg = Release|x86
		{073762AD-697C-4BC0-890F-9C1FEE8325E9}.Release|iPhoneSimulator.Build.0 = Release|x86
		{073762AD-697C-4BC0-890F-9C1FEE8325E9}.Release|iPhoneSimulator.Deploy.0 = Release|x86
		{073762AD-697C-4BC0-890F-9C1FEE8325E9}.Release|x64.ActiveCfg = Release|x64
		{073762AD-697C-4BC0-890F-9C1FEE8325E9}.Release|x64.Build.0 = Release|x64
		{073762AD-697C-4BC0-890F-9C1FEE8325E9}.Release|x64.Deploy.0 = Release|x64
		{073762AD-697C-4BC0-890F-9C1FEE8325E9}.Release|x86.ActiveCfg = Release|x86
		{073762AD-697C-4BC0-890F-9C1FEE8325E9}.Release|x86.Build.0 = Release|x86
		{073762AD-697C-4BC0-890F-9C1FEE8325E9}.Release|x86.Deploy.0 = Release|x86
		{11A2E43F-8C10-41A0-BC2C-33365302CB4D}.Debug|Any CPU.ActiveCfg = Debug|Any CPU
		{11A2E43F-8C10-41A0-BC2C-33365302CB4D}.Debug|Any CPU.Build.0 = Debug|Any CPU
		{11A2E43F-8C10-41A0-BC2C-33365302CB4D}.Debug|Any CPU.Deploy.0 = Debug|Any CPU
		{11A2E43F-8C10-41A0-BC2C-33365302CB4D}.Debug|ARM.ActiveCfg = Debug|Any CPU
		{11A2E43F-8C10-41A0-BC2C-33365302CB4D}.Debug|ARM.Build.0 = Debug|Any CPU
		{11A2E43F-8C10-41A0-BC2C-33365302CB4D}.Debug|ARM.Deploy.0 = Debug|Any CPU
		{11A2E43F-8C10-41A0-BC2C-33365302CB4D}.Debug|iPhone.ActiveCfg = Debug|Any CPU
		{11A2E43F-8C10-41A0-BC2C-33365302CB4D}.Debug|iPhone.Build.0 = Debug|Any CPU
		{11A2E43F-8C10-41A0-BC2C-33365302CB4D}.Debug|iPhone.Deploy.0 = Debug|Any CPU
		{11A2E43F-8C10-41A0-BC2C-33365302CB4D}.Debug|iPhoneSimulator.ActiveCfg = Debug|Any CPU
		{11A2E43F-8C10-41A0-BC2C-33365302CB4D}.Debug|iPhoneSimulator.Build.0 = Debug|Any CPU
		{11A2E43F-8C10-41A0-BC2C-33365302CB4D}.Debug|iPhoneSimulator.Deploy.0 = Debug|Any CPU
		{11A2E43F-8C10-41A0-BC2C-33365302CB4D}.Debug|x64.ActiveCfg = Debug|Any CPU
		{11A2E43F-8C10-41A0-BC2C-33365302CB4D}.Debug|x64.Build.0 = Debug|Any CPU
		{11A2E43F-8C10-41A0-BC2C-33365302CB4D}.Debug|x64.Deploy.0 = Debug|Any CPU
		{11A2E43F-8C10-41A0-BC2C-33365302CB4D}.Debug|x86.ActiveCfg = Debug|Any CPU
		{11A2E43F-8C10-41A0-BC2C-33365302CB4D}.Debug|x86.Build.0 = Debug|Any CPU
		{11A2E43F-8C10-41A0-BC2C-33365302CB4D}.Debug|x86.Deploy.0 = Debug|Any CPU
		{11A2E43F-8C10-41A0-BC2C-33365302CB4D}.Release|Any CPU.ActiveCfg = Release|Any CPU
		{11A2E43F-8C10-41A0-BC2C-33365302CB4D}.Release|Any CPU.Build.0 = Release|Any CPU
		{11A2E43F-8C10-41A0-BC2C-33365302CB4D}.Release|Any CPU.Deploy.0 = Release|Any CPU
		{11A2E43F-8C10-41A0-BC2C-33365302CB4D}.Release|ARM.ActiveCfg = Release|Any CPU
		{11A2E43F-8C10-41A0-BC2C-33365302CB4D}.Release|ARM.Build.0 = Release|Any CPU
		{11A2E43F-8C10-41A0-BC2C-33365302CB4D}.Release|ARM.Deploy.0 = Release|Any CPU
		{11A2E43F-8C10-41A0-BC2C-33365302CB4D}.Release|iPhone.ActiveCfg = Release|Any CPU
		{11A2E43F-8C10-41A0-BC2C-33365302CB4D}.Release|iPhone.Build.0 = Release|Any CPU
		{11A2E43F-8C10-41A0-BC2C-33365302CB4D}.Release|iPhone.Deploy.0 = Release|Any CPU
		{11A2E43F-8C10-41A0-BC2C-33365302CB4D}.Release|iPhoneSimulator.ActiveCfg = Release|Any CPU
		{11A2E43F-8C10-41A0-BC2C-33365302CB4D}.Release|iPhoneSimulator.Build.0 = Release|Any CPU
		{11A2E43F-8C10-41A0-BC2C-33365302CB4D}.Release|iPhoneSimulator.Deploy.0 = Release|Any CPU
		{11A2E43F-8C10-41A0-BC2C-33365302CB4D}.Release|x64.ActiveCfg = Release|Any CPU
		{11A2E43F-8C10-41A0-BC2C-33365302CB4D}.Release|x64.Build.0 = Release|Any CPU
		{11A2E43F-8C10-41A0-BC2C-33365302CB4D}.Release|x64.Deploy.0 = Release|Any CPU
		{11A2E43F-8C10-41A0-BC2C-33365302CB4D}.Release|x86.ActiveCfg = Release|Any CPU
		{11A2E43F-8C10-41A0-BC2C-33365302CB4D}.Release|x86.Build.0 = Release|Any CPU
		{11A2E43F-8C10-41A0-BC2C-33365302CB4D}.Release|x86.Deploy.0 = Release|Any CPU
		{105F862D-DDB5-48C5-9D0F-9EA72B2E6774}.Debug|Any CPU.ActiveCfg = Debug|iPhone
		{105F862D-DDB5-48C5-9D0F-9EA72B2E6774}.Debug|Any CPU.Build.0 = Debug|iPhone
		{105F862D-DDB5-48C5-9D0F-9EA72B2E6774}.Debug|Any CPU.Deploy.0 = Debug|iPhone
		{105F862D-DDB5-48C5-9D0F-9EA72B2E6774}.Debug|ARM.ActiveCfg = Debug|iPhoneSimulator
		{105F862D-DDB5-48C5-9D0F-9EA72B2E6774}.Debug|ARM.Build.0 = Debug|iPhoneSimulator
		{105F862D-DDB5-48C5-9D0F-9EA72B2E6774}.Debug|ARM.Deploy.0 = Debug|iPhoneSimulator
		{105F862D-DDB5-48C5-9D0F-9EA72B2E6774}.Debug|iPhone.ActiveCfg = Debug|iPhone
		{105F862D-DDB5-48C5-9D0F-9EA72B2E6774}.Debug|iPhone.Build.0 = Debug|iPhone
		{105F862D-DDB5-48C5-9D0F-9EA72B2E6774}.Debug|iPhone.Deploy.0 = Debug|iPhone
		{105F862D-DDB5-48C5-9D0F-9EA72B2E6774}.Debug|iPhoneSimulator.ActiveCfg = Debug|iPhoneSimulator
		{105F862D-DDB5-48C5-9D0F-9EA72B2E6774}.Debug|iPhoneSimulator.Build.0 = Debug|iPhoneSimulator
		{105F862D-DDB5-48C5-9D0F-9EA72B2E6774}.Debug|iPhoneSimulator.Deploy.0 = Debug|iPhoneSimulator
		{105F862D-DDB5-48C5-9D0F-9EA72B2E6774}.Debug|x64.ActiveCfg = Debug|iPhone
		{105F862D-DDB5-48C5-9D0F-9EA72B2E6774}.Debug|x64.Build.0 = Debug|iPhone
		{105F862D-DDB5-48C5-9D0F-9EA72B2E6774}.Debug|x64.Deploy.0 = Debug|iPhone
		{105F862D-DDB5-48C5-9D0F-9EA72B2E6774}.Debug|x86.ActiveCfg = Debug|iPhone
		{105F862D-DDB5-48C5-9D0F-9EA72B2E6774}.Debug|x86.Build.0 = Debug|iPhone
		{105F862D-DDB5-48C5-9D0F-9EA72B2E6774}.Debug|x86.Deploy.0 = Debug|iPhone
		{105F862D-DDB5-48C5-9D0F-9EA72B2E6774}.Release|Any CPU.ActiveCfg = Release|iPhone
		{105F862D-DDB5-48C5-9D0F-9EA72B2E6774}.Release|Any CPU.Build.0 = Release|iPhone
		{105F862D-DDB5-48C5-9D0F-9EA72B2E6774}.Release|Any CPU.Deploy.0 = Release|iPhone
		{105F862D-DDB5-48C5-9D0F-9EA72B2E6774}.Release|ARM.ActiveCfg = Release|iPhone
		{105F862D-DDB5-48C5-9D0F-9EA72B2E6774}.Release|ARM.Build.0 = Release|iPhone
		{105F862D-DDB5-48C5-9D0F-9EA72B2E6774}.Release|ARM.Deploy.0 = Release|iPhone
		{105F862D-DDB5-48C5-9D0F-9EA72B2E6774}.Release|iPhone.ActiveCfg = Release|iPhone
		{105F862D-DDB5-48C5-9D0F-9EA72B2E6774}.Release|iPhone.Build.0 = Release|iPhone
		{105F862D-DDB5-48C5-9D0F-9EA72B2E6774}.Release|iPhone.Deploy.0 = Release|iPhone
		{105F862D-DDB5-48C5-9D0F-9EA72B2E6774}.Release|iPhoneSimulator.ActiveCfg = Release|iPhoneSimulator
		{105F862D-DDB5-48C5-9D0F-9EA72B2E6774}.Release|iPhoneSimulator.Build.0 = Release|iPhoneSimulator
		{105F862D-DDB5-48C5-9D0F-9EA72B2E6774}.Release|iPhoneSimulator.Deploy.0 = Release|iPhoneSimulator
		{105F862D-DDB5-48C5-9D0F-9EA72B2E6774}.Release|x64.ActiveCfg = Release|iPhone
		{105F862D-DDB5-48C5-9D0F-9EA72B2E6774}.Release|x64.Build.0 = Release|iPhone
		{105F862D-DDB5-48C5-9D0F-9EA72B2E6774}.Release|x64.Deploy.0 = Release|iPhone
		{105F862D-DDB5-48C5-9D0F-9EA72B2E6774}.Release|x86.ActiveCfg = Release|iPhone
		{105F862D-DDB5-48C5-9D0F-9EA72B2E6774}.Release|x86.Build.0 = Release|iPhone
		{105F862D-DDB5-48C5-9D0F-9EA72B2E6774}.Release|x86.Deploy.0 = Release|iPhone
		{D79E3AF5-302C-4BEC-958D-70946980420F}.Debug|Any CPU.ActiveCfg = Debug|Any CPU
		{D79E3AF5-302C-4BEC-958D-70946980420F}.Debug|Any CPU.Build.0 = Debug|Any CPU
		{D79E3AF5-302C-4BEC-958D-70946980420F}.Debug|Any CPU.Deploy.0 = Debug|Any CPU
		{D79E3AF5-302C-4BEC-958D-70946980420F}.Debug|ARM.ActiveCfg = Debug|Any CPU
		{D79E3AF5-302C-4BEC-958D-70946980420F}.Debug|ARM.Build.0 = Debug|Any CPU
		{D79E3AF5-302C-4BEC-958D-70946980420F}.Debug|ARM.Deploy.0 = Debug|Any CPU
		{D79E3AF5-302C-4BEC-958D-70946980420F}.Debug|iPhone.ActiveCfg = Debug|Any CPU
		{D79E3AF5-302C-4BEC-958D-70946980420F}.Debug|iPhone.Build.0 = Debug|Any CPU
		{D79E3AF5-302C-4BEC-958D-70946980420F}.Debug|iPhone.Deploy.0 = Debug|Any CPU
		{D79E3AF5-302C-4BEC-958D-70946980420F}.Debug|iPhoneSimulator.ActiveCfg = Debug|Any CPU
		{D79E3AF5-302C-4BEC-958D-70946980420F}.Debug|iPhoneSimulator.Build.0 = Debug|Any CPU
		{D79E3AF5-302C-4BEC-958D-70946980420F}.Debug|iPhoneSimulator.Deploy.0 = Debug|Any CPU
		{D79E3AF5-302C-4BEC-958D-70946980420F}.Debug|x64.ActiveCfg = Debug|Any CPU
		{D79E3AF5-302C-4BEC-958D-70946980420F}.Debug|x64.Build.0 = Debug|Any CPU
		{D79E3AF5-302C-4BEC-958D-70946980420F}.Debug|x64.Deploy.0 = Debug|Any CPU
		{D79E3AF5-302C-4BEC-958D-70946980420F}.Debug|x86.ActiveCfg = Debug|Any CPU
		{D79E3AF5-302C-4BEC-958D-70946980420F}.Debug|x86.Build.0 = Debug|Any CPU
		{D79E3AF5-302C-4BEC-958D-70946980420F}.Debug|x86.Deploy.0 = Debug|Any CPU
		{D79E3AF5-302C-4BEC-958D-70946980420F}.Release|Any CPU.ActiveCfg = Release|Any CPU
		{D79E3AF5-302C-4BEC-958D-70946980420F}.Release|Any CPU.Build.0 = Release|Any CPU
		{D79E3AF5-302C-4BEC-958D-70946980420F}.Release|Any CPU.Deploy.0 = Release|Any CPU
		{D79E3AF5-302C-4BEC-958D-70946980420F}.Release|ARM.ActiveCfg = Release|Any CPU
		{D79E3AF5-302C-4BEC-958D-70946980420F}.Release|ARM.Build.0 = Release|Any CPU
		{D79E3AF5-302C-4BEC-958D-70946980420F}.Release|ARM.Deploy.0 = Release|Any CPU
		{D79E3AF5-302C-4BEC-958D-70946980420F}.Release|iPhone.ActiveCfg = Release|Any CPU
		{D79E3AF5-302C-4BEC-958D-70946980420F}.Release|iPhone.Build.0 = Release|Any CPU
		{D79E3AF5-302C-4BEC-958D-70946980420F}.Release|iPhone.Deploy.0 = Release|Any CPU
		{D79E3AF5-302C-4BEC-958D-70946980420F}.Release|iPhoneSimulator.ActiveCfg = Release|Any CPU
		{D79E3AF5-302C-4BEC-958D-70946980420F}.Release|iPhoneSimulator.Build.0 = Release|Any CPU
		{D79E3AF5-302C-4BEC-958D-70946980420F}.Release|iPhoneSimulator.Deploy.0 = Release|Any CPU
		{D79E3AF5-302C-4BEC-958D-70946980420F}.Release|x64.ActiveCfg = Release|Any CPU
		{D79E3AF5-302C-4BEC-958D-70946980420F}.Release|x64.Build.0 = Release|Any CPU
		{D79E3AF5-302C-4BEC-958D-70946980420F}.Release|x64.Deploy.0 = Release|Any CPU
		{D79E3AF5-302C-4BEC-958D-70946980420F}.Release|x86.ActiveCfg = Release|Any CPU
		{D79E3AF5-302C-4BEC-958D-70946980420F}.Release|x86.Build.0 = Release|Any CPU
		{D79E3AF5-302C-4BEC-958D-70946980420F}.Release|x86.Deploy.0 = Release|Any CPU
	EndGlobalSection
	GlobalSection(SolutionProperties) = preSolution
		HideSolutionNode = FALSE
	EndGlobalSection
	GlobalSection(ExtensibilityGlobals) = postSolution
		SolutionGuid = {90B754C6-11D4-4215-B8D0-355D672BCA05}
	EndGlobalSection
EndGlobal
